<?xml version="1.0" encoding="utf-8"?>
<Project ToolsVersion="4.0" xmlns="http://schemas.microsoft.com/developer/msbuild/2003">
  <ItemGroup>
    <ClCompile Include="Application.cpp" />
    <ClCompile Include="Collider.cpp" />
    <ClCompile Include="Globals.cpp" />
    <ClCompile Include="ModuleAudio.cpp" />
    <ClCompile Include="ModuleCollisions.cpp" />
    <ClCompile Include="ModuleFadeToBlack.cpp" />
    <ClCompile Include="ModuleFonts.cpp" />
    <ClCompile Include="ModuleFrisbee.cpp" />
    <ClCompile Include="ModuleInGameUI.cpp" />
    <ClCompile Include="ModuleParticles.cpp" />
    <ClCompile Include="ModulePlayer2.cpp" />
    <ClCompile Include="SceneBeachStage.cpp" />
    <ClCompile Include="SceneCharacterSelect.cpp" />
    <ClCompile Include="SceneCharacterPresent.cpp" />
    <ClCompile Include="SceneDataeast.cpp" />
    <ClCompile Include="SceneIntro.cpp" />
    <ClCompile Include="ModuleInput.cpp" />
    <ClCompile Include="ModulePlayer.cpp" />
    <ClCompile Include="ModuleRender.cpp" />
    <ClCompile Include="ModuleTextures.cpp" />
    <ClCompile Include="ModuleWindow.cpp" />
    <ClCompile Include="Main.cpp" />
    <ClCompile Include="Module.cpp" />
    <ClCompile Include="Particle.cpp" />
    <ClCompile Include="Path.cpp" />
    <ClCompile Include="SceneNeogeo.cpp" />
    <ClCompile Include="SceneStageSelect.cpp" />
    <ClCompile Include="SceneTitle.cpp" />
    <ClCompile Include="SceneLawnStage.cpp" />
  </ItemGroup>
  <ItemGroup>
    <ClInclude Include="Animation.h" />
    <ClInclude Include="Application.h" />
    <ClInclude Include="Collider.h" />
    <ClInclude Include="ModuleAudio.h" />
    <ClInclude Include="ModuleCollisions.h" />
    <ClInclude Include="ModuleFadeToBlack.h" />
    <ClInclude Include="ModuleFonts.h" />
    <ClInclude Include="ModuleFrisbee.h" />
    <ClInclude Include="ModuleInGameUI.h" />
    <ClInclude Include="ModuleParticles.h" />
    <ClInclude Include="ModulePlayer2.h" />
    <ClInclude Include="SceneBeachStage.h" />
    <ClInclude Include="SceneCharacterSelect.h" />
    <ClInclude Include="SceneCharacterPresent.h" />
    <ClInclude Include="SceneDataeast.h" />
    <ClInclude Include="SceneIntro.h" />
    <ClInclude Include="ModuleInput.h" />
    <ClInclude Include="ModulePlayer.h" />
    <ClInclude Include="ModuleRender.h" />
    <ClInclude Include="ModuleTextures.h" />
    <ClInclude Include="ModuleWindow.h" />
    <ClInclude Include="Globals.h" />
    <ClInclude Include="MemLeaks.h" />
    <ClInclude Include="Module.h" />
    <ClInclude Include="p2Point.h" />
    <ClInclude Include="Particle.h" />
    <ClInclude Include="Path.h" />
    <ClInclude Include="SceneNeogeo.h" />
    <ClInclude Include="SceneStageSelect.h" />
    <ClInclude Include="SceneTitle.h" />
    <ClInclude Include="SceneLawnStage.h" />
  </ItemGroup>
</Project>